// !$*UTF8*$!
{
	archiveVersion = 1;
	classes = {
	};
	objectVersion = 45;
	objects = {

/* Begin PBXBuildFile section */
		1D3623260D0F684500981E51 /* MusicbrainzAppDelegate.m in Sources */ = {isa = PBXBuildFile; fileRef = 1D3623250D0F684500981E51 /* MusicbrainzAppDelegate.m */; };
		1D60589B0D05DD56006BFB54 /* main.m in Sources */ = {isa = PBXBuildFile; fileRef = 29B97316FDCFA39411CA2CEA /* main.m */; };
		1D60589F0D05DD5A006BFB54 /* Foundation.framework in Frameworks */ = {isa = PBXBuildFile; fileRef = 1D30AB110D05D00D00671497 /* Foundation.framework */; };
		1DF5F4E00D08C38300B7A737 /* UIKit.framework in Frameworks */ = {isa = PBXBuildFile; fileRef = 1DF5F4DF0D08C38300B7A737 /* UIKit.framework */; };
		288765FD0DF74451002DB57D /* CoreGraphics.framework in Frameworks */ = {isa = PBXBuildFile; fileRef = 288765FC0DF74451002DB57D /* CoreGraphics.framework */; };
		28AD733F0D9D9553002E5188 /* MainWindow.xib in Resources */ = {isa = PBXBuildFile; fileRef = 28AD733E0D9D9553002E5188 /* MainWindow.xib */; };
		84194D2311AEB2C700CCE8B8 /* MainMenuController.m in Sources */ = {isa = PBXBuildFile; fileRef = 84194D2211AEB2C700CCE8B8 /* MainMenuController.m */; };
		846FE8B211E447850061A046 /* LabelSearchController.m in Sources */ = {isa = PBXBuildFile; fileRef = 846FE8B111E447850061A046 /* LabelSearchController.m */; };
		8477371511D4AEAF00EA7A9E /* albumcover.jpg in Resources */ = {isa = PBXBuildFile; fileRef = 8477371411D4AEAF00EA7A9E /* albumcover.jpg */; };
		8477373D11D4BCE800EA7A9E /* ArtistSearchController.m in Sources */ = {isa = PBXBuildFile; fileRef = 8477373C11D4BCE800EA7A9E /* ArtistSearchController.m */; };
		847A178D11FCFD07004229BD /* ReleaseViewController.m in Sources */ = {isa = PBXBuildFile; fileRef = 847A178C11FCFD07004229BD /* ReleaseViewController.m */; };
		8484536811CEF0AC00B8BBC5 /* ReleaseContoller.m in Sources */ = {isa = PBXBuildFile; fileRef = 8484536711CEF0AC00B8BBC5 /* ReleaseContoller.m */; };
		8484538911CEF2A200B8BBC5 /* ReleaseLookUpParser.m in Sources */ = {isa = PBXBuildFile; fileRef = 8484538811CEF2A200B8BBC5 /* ReleaseLookUpParser.m */; };
		8484F7E411FCEB18004A57E9 /* ArtistViewController.m in Sources */ = {isa = PBXBuildFile; fileRef = 8484F7E311FCEB18004A57E9 /* ArtistViewController.m */; };
		8487BC5B11BC6B2700506B80 /* AbstractXMLParser.m in Sources */ = {isa = PBXBuildFile; fileRef = 8487BC5A11BC6B2700506B80 /* AbstractXMLParser.m */; };
		8487BC5E11BC6B5C00506B80 /* Release.m in Sources */ = {isa = PBXBuildFile; fileRef = 8487BC5D11BC6B5C00506B80 /* Release.m */; };
		8487BC6111BC6C7600506B80 /* ReleaseSearchParser.m in Sources */ = {isa = PBXBuildFile; fileRef = 8487BC6011BC6C7600506B80 /* ReleaseSearchParser.m */; };
		8487DDDF11FD990E006DB16C /* ratedStar.png in Resources */ = {isa = PBXBuildFile; fileRef = 8487DDDD11FD990E006DB16C /* ratedStar.png */; };
		8487DDE011FD990E006DB16C /* unratedStar.png in Resources */ = {isa = PBXBuildFile; fileRef = 8487DDDE11FD990E006DB16C /* unratedStar.png */; };
		8487DEEC11FDAE50006DB16C /* ReleaseGroup.m in Sources */ = {isa = PBXBuildFile; fileRef = 8487DEEB11FDAE50006DB16C /* ReleaseGroup.m */; };
		84883C2911FDDB57008C18F7 /* ReleaseGroupLookUpParser.m in Sources */ = {isa = PBXBuildFile; fileRef = 84883C2811FDDB57008C18F7 /* ReleaseGroupLookUpParser.m */; };
		84884D9311E0B7A100E40506 /* ArtistLookUpParser.m in Sources */ = {isa = PBXBuildFile; fileRef = 84884D9211E0B7A100E40506 /* ArtistLookUpParser.m */; };
		848AF02811BC5D7E0059FBB8 /* WebService.m in Sources */ = {isa = PBXBuildFile; fileRef = 848AF02711BC5D7E0059FBB8 /* WebService.m */; };
		848AF46411F9A4F200E0244F /* LabelLookUpParser.m in Sources */ = {isa = PBXBuildFile; fileRef = 848AF46311F9A4F200E0244F /* LabelLookUpParser.m */; };
		848AF4CC11F9B64000E0244F /* libPayPalMEP.a in Frameworks */ = {isa = PBXBuildFile; fileRef = 848AF4CB11F9B64000E0244F /* libPayPalMEP.a */; };
		848DCA2411BC1C2D00A456EF /* ServiceFacade.m in Sources */ = {isa = PBXBuildFile; fileRef = 848DCA2311BC1C2D00A456EF /* ServiceFacade.m */; };
		848EAD6A11B9478C00357E7D /* StringEditTableCell.m in Sources */ = {isa = PBXBuildFile; fileRef = 848EAD6911B9478C00357E7D /* StringEditTableCell.m */; };
		848EAD8611B94EF100357E7D /* TypeSelectionController.m in Sources */ = {isa = PBXBuildFile; fileRef = 848EAD8511B94EF100357E7D /* TypeSelectionController.m */; };
		848EAD8911B94F7B00357E7D /* Search.m in Sources */ = {isa = PBXBuildFile; fileRef = 848EAD8811B94F7B00357E7D /* Search.m */; };
		8496C6D311BD10CC007C1F94 /* ReleaseSearchController.m in Sources */ = {isa = PBXBuildFile; fileRef = 8496C6D211BD10CC007C1F94 /* ReleaseSearchController.m */; };
		849CC82711D16E4300CC46F7 /* icon.png in Resources */ = {isa = PBXBuildFile; fileRef = 849CC82611D16E4300CC46F7 /* icon.png */; };
		84A0D89911D8D645009F2888 /* Track.m in Sources */ = {isa = PBXBuildFile; fileRef = 84A0D89811D8D645009F2888 /* Track.m */; };
		84B505C611D1002000B82131 /* MusicBrainzLogo.png in Resources */ = {isa = PBXBuildFile; fileRef = 84B505C511D1002000B82131 /* MusicBrainzLogo.png */; };
		84B5062411D1050E00B82131 /* Artist.m in Sources */ = {isa = PBXBuildFile; fileRef = 84B5062311D1050E00B82131 /* Artist.m */; };
		84B5063711D10ADB00B82131 /* ArtistSearchParser.m in Sources */ = {isa = PBXBuildFile; fileRef = 84B5063611D10ADB00B82131 /* ArtistSearchParser.m */; };
		84B5064A11D10EB800B82131 /* LabelSearchParser.m in Sources */ = {isa = PBXBuildFile; fileRef = 84B5064911D10EB800B82131 /* LabelSearchParser.m */; };
		84B5064D11D10F1900B82131 /* Label.m in Sources */ = {isa = PBXBuildFile; fileRef = 84B5064C11D10F1900B82131 /* Label.m */; };
/* End PBXBuildFile section */

/* Begin PBXFileReference section */
		1D30AB110D05D00D00671497 /* Foundation.framework */ = {isa = PBXFileReference; lastKnownFileType = wrapper.framework; name = Foundation.framework; path = System/Library/Frameworks/Foundation.framework; sourceTree = SDKROOT; };
		1D3623240D0F684500981E51 /* MusicbrainzAppDelegate.h */ = {isa = PBXFileReference; fileEncoding = 4; lastKnownFileType = sourcecode.c.h; path = MusicbrainzAppDelegate.h; sourceTree = "<group>"; };
		1D3623250D0F684500981E51 /* MusicbrainzAppDelegate.m */ = {isa = PBXFileReference; fileEncoding = 4; lastKnownFileType = sourcecode.c.objc; path = MusicbrainzAppDelegate.m; sourceTree = "<group>"; };
		1D6058910D05DD3D006BFB54 /* Musicbrainz.app */ = {isa = PBXFileReference; explicitFileType = wrapper.application; includeInIndex = 0; path = Musicbrainz.app; sourceTree = BUILT_PRODUCTS_DIR; };
		1DF5F4DF0D08C38300B7A737 /* UIKit.framework */ = {isa = PBXFileReference; lastKnownFileType = wrapper.framework; name = UIKit.framework; path = System/Library/Frameworks/UIKit.framework; sourceTree = SDKROOT; };
		288765FC0DF74451002DB57D /* CoreGraphics.framework */ = {isa = PBXFileReference; lastKnownFileType = wrapper.framework; name = CoreGraphics.framework; path = System/Library/Frameworks/CoreGraphics.framework; sourceTree = SDKROOT; };
		28AD733E0D9D9553002E5188 /* MainWindow.xib */ = {isa = PBXFileReference; lastKnownFileType = file.xib; path = MainWindow.xib; sourceTree = "<group>"; };
		29B97316FDCFA39411CA2CEA /* main.m */ = {isa = PBXFileReference; fileEncoding = 4; lastKnownFileType = sourcecode.c.objc; path = main.m; sourceTree = "<group>"; };
		32CA4F630368D1EE00C91783 /* Musicbrainz_Prefix.pch */ = {isa = PBXFileReference; fileEncoding = 4; lastKnownFileType = sourcecode.c.h; path = Musicbrainz_Prefix.pch; sourceTree = "<group>"; };
		84194D2111AEB2C700CCE8B8 /* MainMenuController.h */ = {isa = PBXFileReference; fileEncoding = 4; lastKnownFileType = sourcecode.c.h; path = MainMenuController.h; sourceTree = "<group>"; };
		84194D2211AEB2C700CCE8B8 /* MainMenuController.m */ = {isa = PBXFileReference; fileEncoding = 4; lastKnownFileType = sourcecode.c.objc; path = MainMenuController.m; sourceTree = "<group>"; };
		846FE8B011E447850061A046 /* LabelSearchController.h */ = {isa = PBXFileReference; fileEncoding = 4; lastKnownFileType = sourcecode.c.h; path = LabelSearchController.h; sourceTree = "<group>"; };
		846FE8B111E447850061A046 /* LabelSearchController.m */ = {isa = PBXFileReference; fileEncoding = 4; lastKnownFileType = sourcecode.c.objc; path = LabelSearchController.m; sourceTree = "<group>"; };
		8477371411D4AEAF00EA7A9E /* albumcover.jpg */ = {isa = PBXFileReference; lastKnownFileType = image.jpeg; path = albumcover.jpg; sourceTree = "<group>"; };
		8477373B11D4BCE800EA7A9E /* ArtistSearchController.h */ = {isa = PBXFileReference; fileEncoding = 4; lastKnownFileType = sourcecode.c.h; path = ArtistSearchController.h; sourceTree = "<group>"; };
		8477373C11D4BCE800EA7A9E /* ArtistSearchController.m */ = {isa = PBXFileReference; fileEncoding = 4; lastKnownFileType = sourcecode.c.objc; path = ArtistSearchController.m; sourceTree = "<group>"; };
		847A178B11FCFD07004229BD /* ReleaseViewController.h */ = {isa = PBXFileReference; fileEncoding = 4; lastKnownFileType = sourcecode.c.h; path = ReleaseViewController.h; sourceTree = "<group>"; };
		847A178C11FCFD07004229BD /* ReleaseViewController.m */ = {isa = PBXFileReference; fileEncoding = 4; lastKnownFileType = sourcecode.c.objc; path = ReleaseViewController.m; sourceTree = "<group>"; };
		8484536611CEF0AC00B8BBC5 /* ReleaseContoller.h */ = {isa = PBXFileReference; fileEncoding = 4; lastKnownFileType = sourcecode.c.h; path = ReleaseContoller.h; sourceTree = "<group>"; };
		8484536711CEF0AC00B8BBC5 /* ReleaseContoller.m */ = {isa = PBXFileReference; fileEncoding = 4; lastKnownFileType = sourcecode.c.objc; path = ReleaseContoller.m; sourceTree = "<group>"; };
		8484538711CEF2A200B8BBC5 /* ReleaseLookUpParser.h */ = {isa = PBXFileReference; fileEncoding = 4; lastKnownFileType = sourcecode.c.h; path = ReleaseLookUpParser.h; sourceTree = "<group>"; };
		8484538811CEF2A200B8BBC5 /* ReleaseLookUpParser.m */ = {isa = PBXFileReference; fileEncoding = 4; lastKnownFileType = sourcecode.c.objc; path = ReleaseLookUpParser.m; sourceTree = "<group>"; };
		8484F7E211FCEB18004A57E9 /* ArtistViewController.h */ = {isa = PBXFileReference; fileEncoding = 4; lastKnownFileType = sourcecode.c.h; path = ArtistViewController.h; sourceTree = "<group>"; };
		8484F7E311FCEB18004A57E9 /* ArtistViewController.m */ = {isa = PBXFileReference; fileEncoding = 4; lastKnownFileType = sourcecode.c.objc; path = ArtistViewController.m; sourceTree = "<group>"; };
		8487BC5911BC6B2700506B80 /* AbstractXMLParser.h */ = {isa = PBXFileReference; fileEncoding = 4; lastKnownFileType = sourcecode.c.h; path = AbstractXMLParser.h; sourceTree = "<group>"; };
		8487BC5A11BC6B2700506B80 /* AbstractXMLParser.m */ = {isa = PBXFileReference; fileEncoding = 4; lastKnownFileType = sourcecode.c.objc; path = AbstractXMLParser.m; sourceTree = "<group>"; };
		8487BC5C11BC6B5C00506B80 /* Release.h */ = {isa = PBXFileReference; fileEncoding = 4; lastKnownFileType = sourcecode.c.h; path = Release.h; sourceTree = "<group>"; };
		8487BC5D11BC6B5C00506B80 /* Release.m */ = {isa = PBXFileReference; fileEncoding = 4; lastKnownFileType = sourcecode.c.objc; path = Release.m; sourceTree = "<group>"; };
		8487BC5F11BC6C7600506B80 /* ReleaseSearchParser.h */ = {isa = PBXFileReference; fileEncoding = 4; lastKnownFileType = sourcecode.c.h; path = ReleaseSearchParser.h; sourceTree = "<group>"; };
		8487BC6011BC6C7600506B80 /* ReleaseSearchParser.m */ = {isa = PBXFileReference; fileEncoding = 4; lastKnownFileType = sourcecode.c.objc; path = ReleaseSearchParser.m; sourceTree = "<group>"; };
		8487DDDD11FD990E006DB16C /* ratedStar.png */ = {isa = PBXFileReference; lastKnownFileType = image.png; path = ratedStar.png; sourceTree = "<group>"; };
		8487DDDE11FD990E006DB16C /* unratedStar.png */ = {isa = PBXFileReference; lastKnownFileType = image.png; path = unratedStar.png; sourceTree = "<group>"; };
		8487DEEA11FDAE50006DB16C /* ReleaseGroup.h */ = {isa = PBXFileReference; fileEncoding = 4; lastKnownFileType = sourcecode.c.h; path = ReleaseGroup.h; sourceTree = "<group>"; };
		8487DEEB11FDAE50006DB16C /* ReleaseGroup.m */ = {isa = PBXFileReference; fileEncoding = 4; lastKnownFileType = sourcecode.c.objc; path = ReleaseGroup.m; sourceTree = "<group>"; };
		84883C2711FDDB57008C18F7 /* ReleaseGroupLookUpParser.h */ = {isa = PBXFileReference; fileEncoding = 4; lastKnownFileType = sourcecode.c.h; path = ReleaseGroupLookUpParser.h; sourceTree = "<group>"; };
		84883C2811FDDB57008C18F7 /* ReleaseGroupLookUpParser.m */ = {isa = PBXFileReference; fileEncoding = 4; lastKnownFileType = sourcecode.c.objc; path = ReleaseGroupLookUpParser.m; sourceTree = "<group>"; };
		84884D9111E0B7A100E40506 /* ArtistLookUpParser.h */ = {isa = PBXFileReference; fileEncoding = 4; lastKnownFileType = sourcecode.c.h; path = ArtistLookUpParser.h; sourceTree = "<group>"; };
		84884D9211E0B7A100E40506 /* ArtistLookUpParser.m */ = {isa = PBXFileReference; fileEncoding = 4; lastKnownFileType = sourcecode.c.objc; path = ArtistLookUpParser.m; sourceTree = "<group>"; };
		848AF02611BC5D7E0059FBB8 /* WebService.h */ = {isa = PBXFileReference; fileEncoding = 4; lastKnownFileType = sourcecode.c.h; path = WebService.h; sourceTree = "<group>"; };
		848AF02711BC5D7E0059FBB8 /* WebService.m */ = {isa = PBXFileReference; fileEncoding = 4; lastKnownFileType = sourcecode.c.objc; path = WebService.m; sourceTree = "<group>"; };
		848AF46211F9A4F200E0244F /* LabelLookUpParser.h */ = {isa = PBXFileReference; fileEncoding = 4; lastKnownFileType = sourcecode.c.h; path = LabelLookUpParser.h; sourceTree = "<group>"; };
		848AF46311F9A4F200E0244F /* LabelLookUpParser.m */ = {isa = PBXFileReference; fileEncoding = 4; lastKnownFileType = sourcecode.c.objc; path = LabelLookUpParser.m; sourceTree = "<group>"; };
		848AF4CB11F9B64000E0244F /* libPayPalMEP.a */ = {isa = PBXFileReference; lastKnownFileType = archive.ar; path = libPayPalMEP.a; sourceTree = "<group>"; };
		848AF4EA11F9BA2800E0244F /* MEPAddress.h */ = {isa = PBXFileReference; fileEncoding = 4; lastKnownFileType = sourcecode.c.h; path = MEPAddress.h; sourceTree = "<group>"; };
		848AF4EB11F9BA2800E0244F /* MEPAmounts.h */ = {isa = PBXFileReference; fileEncoding = 4; lastKnownFileType = sourcecode.c.h; path = MEPAmounts.h; sourceTree = "<group>"; };
		848AF4EC11F9BA2800E0244F /* PayPal.h */ = {isa = PBXFileReference; fileEncoding = 4; lastKnownFileType = sourcecode.c.h; path = PayPal.h; sourceTree = "<group>"; };
		848AF4ED11F9BA2800E0244F /* PayPalContext.h */ = {isa = PBXFileReference; fileEncoding = 4; lastKnownFileType = sourcecode.c.h; path = PayPalContext.h; sourceTree = "<group>"; };
		848AF4EE11F9BA2800E0244F /* PayPalMEPPayment.h */ = {isa = PBXFileReference; fileEncoding = 4; lastKnownFileType = sourcecode.c.h; path = PayPalMEPPayment.h; sourceTree = "<group>"; };
		848DCA2211BC1C2D00A456EF /* ServiceFacade.h */ = {isa = PBXFileReference; fileEncoding = 4; lastKnownFileType = sourcecode.c.h; name = ServiceFacade.h; path = Classes/ServiceFacade.h; sourceTree = "<group>"; };
		848DCA2311BC1C2D00A456EF /* ServiceFacade.m */ = {isa = PBXFileReference; fileEncoding = 4; lastKnownFileType = sourcecode.c.objc; name = ServiceFacade.m; path = Classes/ServiceFacade.m; sourceTree = "<group>"; };
		848EAD6811B9478C00357E7D /* StringEditTableCell.h */ = {isa = PBXFileReference; fileEncoding = 4; lastKnownFileType = sourcecode.c.h; path = StringEditTableCell.h; sourceTree = "<group>"; };
		848EAD6911B9478C00357E7D /* StringEditTableCell.m */ = {isa = PBXFileReference; fileEncoding = 4; lastKnownFileType = sourcecode.c.objc; path = StringEditTableCell.m; sourceTree = "<group>"; };
		848EAD8411B94EF100357E7D /* TypeSelectionController.h */ = {isa = PBXFileReference; fileEncoding = 4; lastKnownFileType = sourcecode.c.h; path = TypeSelectionController.h; sourceTree = "<group>"; };
		848EAD8511B94EF100357E7D /* TypeSelectionController.m */ = {isa = PBXFileReference; fileEncoding = 4; lastKnownFileType = sourcecode.c.objc; path = TypeSelectionController.m; sourceTree = "<group>"; };
		848EAD8711B94F7B00357E7D /* Search.h */ = {isa = PBXFileReference; fileEncoding = 4; lastKnownFileType = sourcecode.c.h; path = Search.h; sourceTree = "<group>"; };
		848EAD8811B94F7B00357E7D /* Search.m */ = {isa = PBXFileReference; fileEncoding = 4; lastKnownFileType = sourcecode.c.objc; path = Search.m; sourceTree = "<group>"; };
		8496C6D111BD10CC007C1F94 /* ReleaseSearchController.h */ = {isa = PBXFileReference; fileEncoding = 4; lastKnownFileType = sourcecode.c.h; path = ReleaseSearchController.h; sourceTree = "<group>"; };
		8496C6D211BD10CC007C1F94 /* ReleaseSearchController.m */ = {isa = PBXFileReference; fileEncoding = 4; lastKnownFileType = sourcecode.c.objc; path = ReleaseSearchController.m; sourceTree = "<group>"; };
		849CC82611D16E4300CC46F7 /* icon.png */ = {isa = PBXFileReference; lastKnownFileType = image.png; path = icon.png; sourceTree = "<group>"; };
		84A0D89711D8D645009F2888 /* Track.h */ = {isa = PBXFileReference; fileEncoding = 4; lastKnownFileType = sourcecode.c.h; path = Track.h; sourceTree = "<group>"; };
		84A0D89811D8D645009F2888 /* Track.m */ = {isa = PBXFileReference; fileEncoding = 4; lastKnownFileType = sourcecode.c.objc; path = Track.m; sourceTree = "<group>"; };
		84B505C511D1002000B82131 /* MusicBrainzLogo.png */ = {isa = PBXFileReference; lastKnownFileType = image.png; path = MusicBrainzLogo.png; sourceTree = "<group>"; };
		84B5062211D1050E00B82131 /* Artist.h */ = {isa = PBXFileReference; fileEncoding = 4; lastKnownFileType = sourcecode.c.h; path = Artist.h; sourceTree = "<group>"; };
		84B5062311D1050E00B82131 /* Artist.m */ = {isa = PBXFileReference; fileEncoding = 4; lastKnownFileType = sourcecode.c.objc; path = Artist.m; sourceTree = "<group>"; };
		84B5063511D10ADB00B82131 /* ArtistSearchParser.h */ = {isa = PBXFileReference; fileEncoding = 4; lastKnownFileType = sourcecode.c.h; path = ArtistSearchParser.h; sourceTree = "<group>"; };
		84B5063611D10ADB00B82131 /* ArtistSearchParser.m */ = {isa = PBXFileReference; fileEncoding = 4; lastKnownFileType = sourcecode.c.objc; path = ArtistSearchParser.m; sourceTree = "<group>"; };
		84B5064811D10EB800B82131 /* LabelSearchParser.h */ = {isa = PBXFileReference; fileEncoding = 4; lastKnownFileType = sourcecode.c.h; path = LabelSearchParser.h; sourceTree = "<group>"; };
		84B5064911D10EB800B82131 /* LabelSearchParser.m */ = {isa = PBXFileReference; fileEncoding = 4; lastKnownFileType = sourcecode.c.objc; path = LabelSearchParser.m; sourceTree = "<group>"; };
		84B5064B11D10F1900B82131 /* Label.h */ = {isa = PBXFileReference; fileEncoding = 4; lastKnownFileType = sourcecode.c.h; path = Label.h; sourceTree = "<group>"; };
		84B5064C11D10F1900B82131 /* Label.m */ = {isa = PBXFileReference; fileEncoding = 4; lastKnownFileType = sourcecode.c.objc; path = Label.m; sourceTree = "<group>"; };
		8D1107310486CEB800E47090 /* Musicbrainz-Info.plist */ = {isa = PBXFileReference; fileEncoding = 4; lastKnownFileType = text.plist.xml; path = "Musicbrainz-Info.plist"; plistStructureDefinitionIdentifier = "com.apple.xcode.plist.structure-definition.iphone.info-plist"; sourceTree = "<group>"; };
/* End PBXFileReference section */

/* Begin PBXFrameworksBuildPhase section */
		1D60588F0D05DD3D006BFB54 /* Frameworks */ = {
			isa = PBXFrameworksBuildPhase;
			buildActionMask = 2147483647;
			files = (
				1D60589F0D05DD5A006BFB54 /* Foundation.framework in Frameworks */,
				1DF5F4E00D08C38300B7A737 /* UIKit.framework in Frameworks */,
				288765FD0DF74451002DB57D /* CoreGraphics.framework in Frameworks */,
				848AF4CC11F9B64000E0244F /* libPayPalMEP.a in Frameworks */,
			);
			runOnlyForDeploymentPostprocessing = 0;
		};
/* End PBXFrameworksBuildPhase section */

/* Begin PBXGroup section */
		080E96DDFE201D6D7F000001 /* Classes */ = {
			isa = PBXGroup;
			children = (
				1D3623240D0F684500981E51 /* MusicbrainzAppDelegate.h */,
				1D3623250D0F684500981E51 /* MusicbrainzAppDelegate.m */,
				848EAD8711B94F7B00357E7D /* Search.h */,
				848EAD8811B94F7B00357E7D /* Search.m */,
				8487BC5C11BC6B5C00506B80 /* Release.h */,
				8487BC5D11BC6B5C00506B80 /* Release.m */,
				84B5062211D1050E00B82131 /* Artist.h */,
				84B5062311D1050E00B82131 /* Artist.m */,
				84B5064B11D10F1900B82131 /* Label.h */,
				84B5064C11D10F1900B82131 /* Label.m */,
				84A0D89711D8D645009F2888 /* Track.h */,
				84A0D89811D8D645009F2888 /* Track.m */,
				8487DEEA11FDAE50006DB16C /* ReleaseGroup.h */,
				8487DEEB11FDAE50006DB16C /* ReleaseGroup.m */,
			);
			path = Classes;
			sourceTree = "<group>";
		};
		19C28FACFE9D520D11CA2CBB /* Products */ = {
			isa = PBXGroup;
			children = (
				1D6058910D05DD3D006BFB54 /* Musicbrainz.app */,
			);
			name = Products;
			sourceTree = "<group>";
		};
		29B97314FDCFA39411CA2CEA /* CustomTemplate */ = {
			isa = PBXGroup;
			children = (
				848AF4CD11F9B64A00E0244F /* PayPal */,
				8487BC5711BC6B1400506B80 /* Parser */,
				848AF02411BC5D5A0059FBB8 /* Service */,
				84194D1F11AEB27600CCE8B8 /* ViewController */,
				080E96DDFE201D6D7F000001 /* Classes */,
				29B97315FDCFA39411CA2CEA /* Other Sources */,
				29B97317FDCFA39411CA2CEA /* Resources */,
				29B97323FDCFA39411CA2CEA /* Frameworks */,
				19C28FACFE9D520D11CA2CBB /* Products */,
			);
			name = CustomTemplate;
			sourceTree = "<group>";
		};
		29B97315FDCFA39411CA2CEA /* Other Sources */ = {
			isa = PBXGroup;
			children = (
				848EAD6811B9478C00357E7D /* StringEditTableCell.h */,
				848EAD6911B9478C00357E7D /* StringEditTableCell.m */,
				32CA4F630368D1EE00C91783 /* Musicbrainz_Prefix.pch */,
				29B97316FDCFA39411CA2CEA /* main.m */,
			);
			name = "Other Sources";
			sourceTree = "<group>";
		};
		29B97317FDCFA39411CA2CEA /* Resources */ = {
			isa = PBXGroup;
			children = (
				8487DDDD11FD990E006DB16C /* ratedStar.png */,
				8487DDDE11FD990E006DB16C /* unratedStar.png */,
				8477371411D4AEAF00EA7A9E /* albumcover.jpg */,
				849CC82611D16E4300CC46F7 /* icon.png */,
				84B505C511D1002000B82131 /* MusicBrainzLogo.png */,
				28AD733E0D9D9553002E5188 /* MainWindow.xib */,
				8D1107310486CEB800E47090 /* Musicbrainz-Info.plist */,
			);
			name = Resources;
			sourceTree = "<group>";
		};
		29B97323FDCFA39411CA2CEA /* Frameworks */ = {
			isa = PBXGroup;
			children = (
				1DF5F4DF0D08C38300B7A737 /* UIKit.framework */,
				1D30AB110D05D00D00671497 /* Foundation.framework */,
				288765FC0DF74451002DB57D /* CoreGraphics.framework */,
			);
			name = Frameworks;
			sourceTree = "<group>";
		};
		84194D1F11AEB27600CCE8B8 /* ViewController */ = {
			isa = PBXGroup;
			children = (
				846FE8B511E447AF0061A046 /* Detail Pages */,
				846FE8B411E4478C0061A046 /* Search Result Views */,
				84194D2111AEB2C700CCE8B8 /* MainMenuController.h */,
				84194D2211AEB2C700CCE8B8 /* MainMenuController.m */,
				848EAD8411B94EF100357E7D /* TypeSelectionController.h */,
				848EAD8511B94EF100357E7D /* TypeSelectionController.m */,
			);
			name = ViewController;
			sourceTree = "<group>";
		};
		846FE8B411E4478C0061A046 /* Search Result Views */ = {
			isa = PBXGroup;
			children = (
				846FE8B011E447850061A046 /* LabelSearchController.h */,
				846FE8B111E447850061A046 /* LabelSearchController.m */,
				8477373B11D4BCE800EA7A9E /* ArtistSearchController.h */,
				8477373C11D4BCE800EA7A9E /* ArtistSearchController.m */,
				8496C6D111BD10CC007C1F94 /* ReleaseSearchController.h */,
				8496C6D211BD10CC007C1F94 /* ReleaseSearchController.m */,
			);
			name = "Search Result Views";
			sourceTree = "<group>";
		};
		846FE8B511E447AF0061A046 /* Detail Pages */ = {
			isa = PBXGroup;
			children = (
				8484536611CEF0AC00B8BBC5 /* ReleaseContoller.h */,
				8484536711CEF0AC00B8BBC5 /* ReleaseContoller.m */,
				8484F7E211FCEB18004A57E9 /* ArtistViewController.h */,
				8484F7E311FCEB18004A57E9 /* ArtistViewController.m */,
				847A178B11FCFD07004229BD /* ReleaseViewController.h */,
				847A178C11FCFD07004229BD /* ReleaseViewController.m */,
			);
			name = "Detail Pages";
			sourceTree = "<group>";
		};
		846FE8B611E449D90061A046 /* QueryParser */ = {
			isa = PBXGroup;
			children = (
				84B5064811D10EB800B82131 /* LabelSearchParser.h */,
				84B5064911D10EB800B82131 /* LabelSearchParser.m */,
				84B5063511D10ADB00B82131 /* ArtistSearchParser.h */,
				84B5063611D10ADB00B82131 /* ArtistSearchParser.m */,
				8487BC5F11BC6C7600506B80 /* ReleaseSearchParser.h */,
				8487BC6011BC6C7600506B80 /* ReleaseSearchParser.m */,
			);
			name = QueryParser;
			sourceTree = "<group>";
		};
		846FE8B711E449E20061A046 /* LookUpParser */ = {
			isa = PBXGroup;
			children = (
				84884D9111E0B7A100E40506 /* ArtistLookUpParser.h */,
				84884D9211E0B7A100E40506 /* ArtistLookUpParser.m */,
				8484538711CEF2A200B8BBC5 /* ReleaseLookUpParser.h */,
				8484538811CEF2A200B8BBC5 /* ReleaseLookUpParser.m */,
				848AF46211F9A4F200E0244F /* LabelLookUpParser.h */,
				848AF46311F9A4F200E0244F /* LabelLookUpParser.m */,
				84883C2711FDDB57008C18F7 /* ReleaseGroupLookUpParser.h */,
				84883C2811FDDB57008C18F7 /* ReleaseGroupLookUpParser.m */,
			);
			name = LookUpParser;
			sourceTree = "<group>";
		};
		8487BC5711BC6B1400506B80 /* Parser */ = {
			isa = PBXGroup;
			children = (
				8487BC5911BC6B2700506B80 /* AbstractXMLParser.h */,
				8487BC5A11BC6B2700506B80 /* AbstractXMLParser.m */,
				846FE8B711E449E20061A046 /* LookUpParser */,
				846FE8B611E449D90061A046 /* QueryParser */,
			);
			name = Parser;
			sourceTree = "<group>";
		};
		848AF02411BC5D5A0059FBB8 /* Service */ = {
			isa = PBXGroup;
			children = (
				848DCA2211BC1C2D00A456EF /* ServiceFacade.h */,
				848DCA2311BC1C2D00A456EF /* ServiceFacade.m */,
				848AF02611BC5D7E0059FBB8 /* WebService.h */,
				848AF02711BC5D7E0059FBB8 /* WebService.m */,
			);
			name = Service;
			sourceTree = "<group>";
		};
		848AF4CD11F9B64A00E0244F /* PayPal */ = {
			isa = PBXGroup;
			children = (
				848AF4EA11F9BA2800E0244F /* MEPAddress.h */,
				848AF4EB11F9BA2800E0244F /* MEPAmounts.h */,
				848AF4EC11F9BA2800E0244F /* PayPal.h */,
				848AF4ED11F9BA2800E0244F /* PayPalContext.h */,
				848AF4EE11F9BA2800E0244F /* PayPalMEPPayment.h */,
				848AF4CB11F9B64000E0244F /* libPayPalMEP.a */,
			);
			name = PayPal;
			sourceTree = "<group>";
		};
/* End PBXGroup section */

/* Begin PBXNativeTarget section */
		1D6058900D05DD3D006BFB54 /* Musicbrainz */ = {
			isa = PBXNativeTarget;
			buildConfigurationList = 1D6058960D05DD3E006BFB54 /* Build configuration list for PBXNativeTarget "Musicbrainz" */;
			buildPhases = (
				1D60588D0D05DD3D006BFB54 /* Resources */,
				1D60588E0D05DD3D006BFB54 /* Sources */,
				1D60588F0D05DD3D006BFB54 /* Frameworks */,
			);
			buildRules = (
			);
			dependencies = (
			);
			name = Musicbrainz;
			productName = Musicbrainz;
			productReference = 1D6058910D05DD3D006BFB54 /* Musicbrainz.app */;
			productType = "com.apple.product-type.application";
		};
/* End PBXNativeTarget section */

/* Begin PBXProject section */
		29B97313FDCFA39411CA2CEA /* Project object */ = {
			isa = PBXProject;
			buildConfigurationList = C01FCF4E08A954540054247B /* Build configuration list for PBXProject "Musicbrainz" */;
			compatibilityVersion = "Xcode 3.1";
			hasScannedForEncodings = 1;
			mainGroup = 29B97314FDCFA39411CA2CEA /* CustomTemplate */;
			projectDirPath = "";
			projectRoot = "";
			targets = (
				1D6058900D05DD3D006BFB54 /* Musicbrainz */,
			);
		};
/* End PBXProject section */

/* Begin PBXResourcesBuildPhase section */
		1D60588D0D05DD3D006BFB54 /* Resources */ = {
			isa = PBXResourcesBuildPhase;
			buildActionMask = 2147483647;
			files = (
				28AD733F0D9D9553002E5188 /* MainWindow.xib in Resources */,
				84B505C611D1002000B82131 /* MusicBrainzLogo.png in Resources */,
				849CC82711D16E4300CC46F7 /* icon.png in Resources */,
				8477371511D4AEAF00EA7A9E /* albumcover.jpg in Resources */,
				8487DDDF11FD990E006DB16C /* ratedStar.png in Resources */,
				8487DDE011FD990E006DB16C /* unratedStar.png in Resources */,
			);
			runOnlyForDeploymentPostprocessing = 0;
		};
/* End PBXResourcesBuildPhase section */

/* Begin PBXSourcesBuildPhase section */
		1D60588E0D05DD3D006BFB54 /* Sources */ = {
			isa = PBXSourcesBuildPhase;
			buildActionMask = 2147483647;
			files = (
				1D60589B0D05DD56006BFB54 /* main.m in Sources */,
				1D3623260D0F684500981E51 /* MusicbrainzAppDelegate.m in Sources */,
				84194D2311AEB2C700CCE8B8 /* MainMenuController.m in Sources */,
				848EAD6A11B9478C00357E7D /* StringEditTableCell.m in Sources */,
				848EAD8611B94EF100357E7D /* TypeSelectionController.m in Sources */,
				848EAD8911B94F7B00357E7D /* Search.m in Sources */,
				848DCA2411BC1C2D00A456EF /* ServiceFacade.m in Sources */,
				848AF02811BC5D7E0059FBB8 /* WebService.m in Sources */,
				8487BC5B11BC6B2700506B80 /* AbstractXMLParser.m in Sources */,
				8487BC5E11BC6B5C00506B80 /* Release.m in Sources */,
				8487BC6111BC6C7600506B80 /* ReleaseSearchParser.m in Sources */,
				8496C6D311BD10CC007C1F94 /* ReleaseSearchController.m in Sources */,
				8484536811CEF0AC00B8BBC5 /* ReleaseContoller.m in Sources */,
				8484538911CEF2A200B8BBC5 /* ReleaseLookUpParser.m in Sources */,
				84B5062411D1050E00B82131 /* Artist.m in Sources */,
				84B5063711D10ADB00B82131 /* ArtistSearchParser.m in Sources */,
				84B5064A11D10EB800B82131 /* LabelSearchParser.m in Sources */,
				84B5064D11D10F1900B82131 /* Label.m in Sources */,
				8477373D11D4BCE800EA7A9E /* ArtistSearchController.m in Sources */,
				84A0D89911D8D645009F2888 /* Track.m in Sources */,
				84884D9311E0B7A100E40506 /* ArtistLookUpParser.m in Sources */,
				846FE8B211E447850061A046 /* LabelSearchController.m in Sources */,
				848AF46411F9A4F200E0244F /* LabelLookUpParser.m in Sources */,
				8484F7E411FCEB18004A57E9 /* ArtistViewController.m in Sources */,
				847A178D11FCFD07004229BD /* ReleaseViewController.m in Sources */,
				8487DEEC11FDAE50006DB16C /* ReleaseGroup.m in Sources */,
				84883C2911FDDB57008C18F7 /* ReleaseGroupLookUpParser.m in Sources */,
			);
			runOnlyForDeploymentPostprocessing = 0;
		};
/* End PBXSourcesBuildPhase section */

/* Begin XCBuildConfiguration section */
		1D6058940D05DD3E006BFB54 /* Debug */ = {
			isa = XCBuildConfiguration;
			buildSettings = {
				ALWAYS_SEARCH_USER_PATHS = NO;
				COPY_PHASE_STRIP = NO;
				GCC_DYNAMIC_NO_PIC = NO;
				GCC_OPTIMIZATION_LEVEL = 0;
				GCC_PRECOMPILE_PREFIX_HEADER = YES;
				GCC_PREFIX_HEADER = Musicbrainz_Prefix.pch;
				INFOPLIST_FILE = "Musicbrainz-Info.plist";
				IPHONEOS_DEPLOYMENT_TARGET = 3.1.3;
				LIBRARY_SEARCH_PATHS = (
					"$(inherited)",
					"\"$(SRCROOT)\"",
				);
				PRODUCT_NAME = Musicbrainz;
			};
			name = Debug;
		};
		1D6058950D05DD3E006BFB54 /* Release */ = {
			isa = XCBuildConfiguration;
			buildSettings = {
				ALWAYS_SEARCH_USER_PATHS = NO;
				COPY_PHASE_STRIP = YES;
				GCC_PRECOMPILE_PREFIX_HEADER = YES;
				GCC_PREFIX_HEADER = Musicbrainz_Prefix.pch;
				INFOPLIST_FILE = "Musicbrainz-Info.plist";
				LIBRARY_SEARCH_PATHS = (
					"$(inherited)",
					"\"$(SRCROOT)\"",
				);
				PRODUCT_NAME = Musicbrainz;
			};
			name = Release;
		};
		C01FCF4F08A954540054247B /* Debug */ = {
			isa = XCBuildConfiguration;
			buildSettings = {
				ARCHS = "$(ARCHS_STANDARD_32_BIT)";
				"CODE_SIGN_IDENTITY[sdk=iphoneos*]" = "iPhone Developer";
				GCC_C_LANGUAGE_STANDARD = c99;
				GCC_WARN_ABOUT_RETURN_TYPE = YES;
				GCC_WARN_UNUSED_VARIABLE = YES;
				PREBINDING = NO;
				SDKROOT = iphonesimulator4.0;
			};
			name = Debug;
		};
		C01FCF5008A954540054247B /* Release */ = {
			isa = XCBuildConfiguration;
			buildSettings = {
				ARCHS = "$(ARCHS_STANDARD_32_BIT)";
				"CODE_SIGN_IDENTITY[sdk=iphoneos*]" = "iPhone Developer";
				GCC_C_LANGUAGE_STANDARD = c99;
				GCC_WARN_ABOUT_RETURN_TYPE = YES;
				GCC_WARN_UNUSED_VARIABLE = YES;
				PREBINDING = NO;
				SDKROOT = iphoneos3.1.2;
			};
			name = Release;
		};
/* End XCBuildConfiguration section */

/* Begin XCConfigurationList section */
		1D6058960D05DD3E006BFB54 /* Build configuration list for PBXNativeTarget "Musicbrainz" */ = {
			isa = XCConfigurationList;
			buildConfigurations = (
				1D6058940D05DD3E006BFB54 /* Debug */,
				1D6058950D05DD3E006BFB54 /* Release */,
			);
			defaultConfigurationIsVisible = 0;
			defaultConfigurationName = Release;
		};
		C01FCF4E08A954540054247B /* Build configuration list for PBXProject "Musicbrainz" */ = {
			isa = XCConfigurationList;
			buildConfigurations = (
				C01FCF4F08A954540054247B /* Debug */,
				C01FCF5008A954540054247B /* Release */,
			);
			defaultConfigurationIsVisible = 0;
			defaultConfigurationName = Release;
		};
/* End XCConfigurationList section */
	};
	rootObject = 29B97313FDCFA39411CA2CEA /* Project object */;
}
